
Microsoft Visual Studio Solution File, Format Version 12.00
# Visual Studio Version 17
VisualStudioVersion = 17.0.31903.59
MinimumVisualStudioVersion = 10.0.40219.1
Project("{2150E333-8FDC-42A3-9474-1A3956D46DE8}") = "src", "src", "{2BAABC0D-558B-423D-8F24-1150BF8F9BFD}"
EndProject
Project("{9A19103F-16F7-4668-BE54-9A1E7A4F7556}") = "ProEventos.API", "src\ProEventos.API\ProEventos.API.csproj", "{651F1EF4-7CC9-4EB2-9E69-436D701BF285}"
EndProject
Project("{9A19103F-16F7-4668-BE54-9A1E7A4F7556}") = "ProEventos5.API", "src\ProEventos5.API\ProEventos5.API.csproj", "{5E0CE6EB-F294-48EB-8840-3754352302BD}"
EndProject
Project("{FAE04EC0-301F-11D3-BF4B-00C04F79EFBC}") = "ProEventos.Domain", "src\ProEventos.Domain\ProEventos.Domain.csproj", "{70BFE185-8136-4797-8D3B-7E43ADAEA3ED}"
EndProject
Project("{2150E333-8FDC-42A3-9474-1A3956D46DE8}") = "Solution Items", "Solution Items", "{27AF1F21-E8B2-40A7-BA59-021C9ECD2FC3}"
	ProjectSection(SolutionItems) = preProject
		.editorconfig = .editorconfig
	EndProjectSection
EndProject
Project("{2150E333-8FDC-42A3-9474-1A3956D46DE8}") = "1-Presentation", "1-Presentation", "{EF66092B-F686-44DB-90F0-3AE5F0B76F73}"
EndProject
Project("{2150E333-8FDC-42A3-9474-1A3956D46DE8}") = "1.1-API", "1.1-API", "{2049CE1A-7AAA-4CC9-AF17-6B55629851AD}"
EndProject
Project("{2150E333-8FDC-42A3-9474-1A3956D46DE8}") = "2-Application", "2-Application", "{C2ED3B25-1DD9-4422-8883-D10CD7C42712}"
EndProject
Project("{2150E333-8FDC-42A3-9474-1A3956D46DE8}") = "3-Domain", "3-Domain", "{AA4F22B9-4AA2-43C5-9903-A0DE9FFB6921}"
EndProject
Project("{2150E333-8FDC-42A3-9474-1A3956D46DE8}") = "4-Infra", "4-Infra", "{A2DB0D0B-1CE5-41D2-B908-43195E66CBDA}"
EndProject
Project("{2150E333-8FDC-42A3-9474-1A3956D46DE8}") = "4.1-Data", "4.1-Data", "{FABCF667-C061-48CF-BAD2-5D0428C579CA}"
EndProject
Global
	GlobalSection(SolutionConfigurationPlatforms) = preSolution
		Debug|Any CPU = Debug|Any CPU
		Release|Any CPU = Release|Any CPU
	EndGlobalSection
	GlobalSection(ProjectConfigurationPlatforms) = postSolution
		{651F1EF4-7CC9-4EB2-9E69-436D701BF285}.Debug|Any CPU.ActiveCfg = Debug|Any CPU
		{651F1EF4-7CC9-4EB2-9E69-436D701BF285}.Debug|Any CPU.Build.0 = Debug|Any CPU
		{651F1EF4-7CC9-4EB2-9E69-436D701BF285}.Release|Any CPU.ActiveCfg = Release|Any CPU
		{651F1EF4-7CC9-4EB2-9E69-436D701BF285}.Release|Any CPU.Build.0 = Release|Any CPU
		{5E0CE6EB-F294-48EB-8840-3754352302BD}.Debug|Any CPU.ActiveCfg = Debug|Any CPU
		{5E0CE6EB-F294-48EB-8840-3754352302BD}.Debug|Any CPU.Build.0 = Debug|Any CPU
		{5E0CE6EB-F294-48EB-8840-3754352302BD}.Release|Any CPU.ActiveCfg = Release|Any CPU
		{5E0CE6EB-F294-48EB-8840-3754352302BD}.Release|Any CPU.Build.0 = Release|Any CPU
		{70BFE185-8136-4797-8D3B-7E43ADAEA3ED}.Debug|Any CPU.ActiveCfg = Debug|Any CPU
		{70BFE185-8136-4797-8D3B-7E43ADAEA3ED}.Debug|Any CPU.Build.0 = Debug|Any CPU
		{70BFE185-8136-4797-8D3B-7E43ADAEA3ED}.Release|Any CPU.ActiveCfg = Release|Any CPU
		{70BFE185-8136-4797-8D3B-7E43ADAEA3ED}.Release|Any CPU.Build.0 = Release|Any CPU
	EndGlobalSection
	GlobalSection(SolutionProperties) = preSolution
		HideSolutionNode = FALSE
	EndGlobalSection
	GlobalSection(NestedProjects) = preSolution
		{651F1EF4-7CC9-4EB2-9E69-436D701BF285} = {2049CE1A-7AAA-4CC9-AF17-6B55629851AD}
		{5E0CE6EB-F294-48EB-8840-3754352302BD} = {2049CE1A-7AAA-4CC9-AF17-6B55629851AD}
		{70BFE185-8136-4797-8D3B-7E43ADAEA3ED} = {AA4F22B9-4AA2-43C5-9903-A0DE9FFB6921}
		{EF66092B-F686-44DB-90F0-3AE5F0B76F73} = {2BAABC0D-558B-423D-8F24-1150BF8F9BFD}
		{2049CE1A-7AAA-4CC9-AF17-6B55629851AD} = {EF66092B-F686-44DB-90F0-3AE5F0B76F73}
		{C2ED3B25-1DD9-4422-8883-D10CD7C42712} = {2BAABC0D-558B-423D-8F24-1150BF8F9BFD}
		{AA4F22B9-4AA2-43C5-9903-A0DE9FFB6921} = {2BAABC0D-558B-423D-8F24-1150BF8F9BFD}
		{A2DB0D0B-1CE5-41D2-B908-43195E66CBDA} = {2BAABC0D-558B-423D-8F24-1150BF8F9BFD}
		{FABCF667-C061-48CF-BAD2-5D0428C579CA} = {A2DB0D0B-1CE5-41D2-B908-43195E66CBDA}
	EndGlobalSection
	GlobalSection(ExtensibilityGlobals) = postSolution
		SolutionGuid = {284196AA-49D8-46B0-8384-A8FDD66E4FC6}
	EndGlobalSection
EndGlobal
